{
  "name": "meusite",
  "lockfileVersion": 3,
  "requires": true,
  "packages": {
    "": {
      "dependencies": {
        "htl": "^0.3.1"
      }
    },
    "node_modules/htl": {
      "version": "0.3.1",
      "resolved": "https://registry.npmjs.org/htl/-/htl-0.3.1.tgz",
      "integrity": "sha512-1LBtd+XhSc+++jpOOt0lCcEycXs/zTQSupOISnVAUmvGBpV7DH+C2M6hwV7zWYfpTMMg9ch4NO0lHiOTAMHdVA==",
      "engines": {
        "node": ">=12"
      }
    }
  }
}
